
Microsoft Visual Studio Solution File, Format Version 12.00
# Visual Studio 15
VisualStudioVersion = 15.0.28010.2048
MinimumVisualStudioVersion = 10.0.40219.1
Project("{FAE04EC0-301F-11D3-BF4B-00C04F79EFBC}") = "ContactWeb", "ContactWeb\ContactWeb.csproj", "{0D3B23DF-485F-4931-A9EF-7E78FE2ABEAF}"
EndProject
Global
	GlobalSection(SolutionConfigurationPlatforms) = preSolution
		Debug|Any CPU = Debug|Any CPU
		Release|Any CPU = Release|Any CPU
	EndGlobalSection
	GlobalSection(ProjectConfigurationPlatforms) = postSolution
		{0D3B23DF-485F-4931-A9EF-7E78FE2ABEAF}.Debug|Any CPU.ActiveCfg = Debug|Any CPU
		{0D3B23DF-485F-4931-A9EF-7E78FE2ABEAF}.Debug|Any CPU.Build.0 = Debug|Any CPU
		{0D3B23DF-485F-4931-A9EF-7E78FE2ABEAF}.Release|Any CPU.ActiveCfg = Release|Any CPU
		{0D3B23DF-485F-4931-A9EF-7E78FE2ABEAF}.Release|Any CPU.Build.0 = Release|Any CPU
	EndGlobalSection
	GlobalSection(SolutionProperties) = preSolution
		HideSolutionNode = FALSE
	EndGlobalSection
	GlobalSection(ExtensibilityGlobals) = postSolution
		SolutionGuid = {BE6E3F69-C302-4DAB-A62E-7CF2AE998925}
	EndGlobalSection
EndGlobal
